
Microsoft Visual Studio Solution File, Format Version 12.00
# Visual Studio Version 16
VisualStudioVersion = 16.0.30907.101
MinimumVisualStudioVersion = 10.0.40219.1
Project("{FAE04EC0-301F-11D3-BF4B-00C04F79EFBC}") = "Phonebook", "Phonebook\Phonebook.csproj", "{0162DEF6-8D0A-4F5A-ADB7-D7ADE6542238}"
EndProject
Global
	GlobalSection(SolutionConfigurationPlatforms) = preSolution
		Debug|Any CPU = Debug|Any CPU
		Release|Any CPU = Release|Any CPU
	EndGlobalSection
	GlobalSection(ProjectConfigurationPlatforms) = postSolution
		{0162DEF6-8D0A-4F5A-ADB7-D7ADE6542238}.Debug|Any CPU.ActiveCfg = Debug|Any CPU
		{0162DEF6-8D0A-4F5A-ADB7-D7ADE6542238}.Debug|Any CPU.Build.0 = Debug|Any CPU
		{0162DEF6-8D0A-4F5A-ADB7-D7ADE6542238}.Release|Any CPU.ActiveCfg = Release|Any CPU
		{0162DEF6-8D0A-4F5A-ADB7-D7ADE6542238}.Release|Any CPU.Build.0 = Release|Any CPU
	EndGlobalSection
	GlobalSection(SolutionProperties) = preSolution
		HideSolutionNode = FALSE
	EndGlobalSection
	GlobalSection(ExtensibilityGlobals) = postSolution
		SolutionGuid = {4BF17620-0E90-4F61-82A6-5F09616C9FC5}
	EndGlobalSection
EndGlobal
