
Microsoft Visual Studio Solution File, Format Version 12.00
# Visual Studio Version 16
VisualStudioVersion = 16.0.30907.101
MinimumVisualStudioVersion = 10.0.40219.1
Project("{FAE04EC0-301F-11D3-BF4B-00C04F79EFBC}") = "Words", "Words\Words.csproj", "{2A8611FC-746B-4D37-BE56-4ED938431378}"
EndProject
Global
	GlobalSection(SolutionConfigurationPlatforms) = preSolution
		Debug|Any CPU = Debug|Any CPU
		Release|Any CPU = Release|Any CPU
	EndGlobalSection
	GlobalSection(ProjectConfigurationPlatforms) = postSolution
		{2A8611FC-746B-4D37-BE56-4ED938431378}.Debug|Any CPU.ActiveCfg = Debug|Any CPU
		{2A8611FC-746B-4D37-BE56-4ED938431378}.Debug|Any CPU.Build.0 = Debug|Any CPU
		{2A8611FC-746B-4D37-BE56-4ED938431378}.Release|Any CPU.ActiveCfg = Release|Any CPU
		{2A8611FC-746B-4D37-BE56-4ED938431378}.Release|Any CPU.Build.0 = Release|Any CPU
	EndGlobalSection
	GlobalSection(SolutionProperties) = preSolution
		HideSolutionNode = FALSE
	EndGlobalSection
	GlobalSection(ExtensibilityGlobals) = postSolution
		SolutionGuid = {068A3B6E-0784-4717-B2C9-8C6C094130E0}
	EndGlobalSection
EndGlobal
