
Microsoft Visual Studio Solution File, Format Version 12.00
# Visual Studio Version 16
VisualStudioVersion = 16.0.30907.101
MinimumVisualStudioVersion = 10.0.40219.1
Project("{FAE04EC0-301F-11D3-BF4B-00C04F79EFBC}") = "Lottery", "Lottery\Lottery.csproj", "{3CE914CD-1216-4805-BDDA-F34DDB63891E}"
EndProject
Global
	GlobalSection(SolutionConfigurationPlatforms) = preSolution
		Debug|Any CPU = Debug|Any CPU
		Release|Any CPU = Release|Any CPU
	EndGlobalSection
	GlobalSection(ProjectConfigurationPlatforms) = postSolution
		{3CE914CD-1216-4805-BDDA-F34DDB63891E}.Debug|Any CPU.ActiveCfg = Debug|Any CPU
		{3CE914CD-1216-4805-BDDA-F34DDB63891E}.Debug|Any CPU.Build.0 = Debug|Any CPU
		{3CE914CD-1216-4805-BDDA-F34DDB63891E}.Release|Any CPU.ActiveCfg = Release|Any CPU
		{3CE914CD-1216-4805-BDDA-F34DDB63891E}.Release|Any CPU.Build.0 = Release|Any CPU
	EndGlobalSection
	GlobalSection(SolutionProperties) = preSolution
		HideSolutionNode = FALSE
	EndGlobalSection
	GlobalSection(ExtensibilityGlobals) = postSolution
		SolutionGuid = {51482E78-ADAE-41BA-9328-C0203BE8FF14}
	EndGlobalSection
EndGlobal
